
Microsoft Visual Studio Solution File, Format Version 12.00
# Visual Studio Version 17
VisualStudioVersion = 17.14.36109.1
MinimumVisualStudioVersion = 10.0.40219.1
Project("{FAE04EC0-301F-11D3-BF4B-00C04F79EFBC}") = "techMADT2", "techMADT2\techMADT2.csproj", "{DBDF31CA-A59F-46B3-8467-965B335A7BD8}"
EndProject
Project("{FAE04EC0-301F-11D3-BF4B-00C04F79EFBC}") = "techMADT2.Core", "techMADT2.Core\techMADT2.Core.csproj", "{A80BA272-CFAE-4D5B-9639-B0A08ADEDF06}"
EndProject
Project("{FAE04EC0-301F-11D3-BF4B-00C04F79EFBC}") = "techMADT2.Data", "techMADT2.Data\techMADT2.Data.csproj", "{575C7AA7-9FE1-4D6D-9A76-A118FFB35BF2}"
EndProject
Project("{FAE04EC0-301F-11D3-BF4B-00C04F79EFBC}") = "techMADT2.Service", "techMADT.Service\techMADT2.Service.csproj", "{0B4842FE-0EA5-4731-B08A-137B91A21EAB}"
EndProject
Global
	GlobalSection(SolutionConfigurationPlatforms) = preSolution
		Debug|Any CPU = Debug|Any CPU
		Debug|x64 = Debug|x64
		Debug|x86 = Debug|x86
		Release|Any CPU = Release|Any CPU
		Release|x64 = Release|x64
		Release|x86 = Release|x86
	EndGlobalSection
	GlobalSection(ProjectConfigurationPlatforms) = postSolution
		{DBDF31CA-A59F-46B3-8467-965B335A7BD8}.Debug|Any CPU.ActiveCfg = Debug|Any CPU
		{DBDF31CA-A59F-46B3-8467-965B335A7BD8}.Debug|Any CPU.Build.0 = Debug|Any CPU
		{DBDF31CA-A59F-46B3-8467-965B335A7BD8}.Debug|x64.ActiveCfg = Debug|Any CPU
		{DBDF31CA-A59F-46B3-8467-965B335A7BD8}.Debug|x64.Build.0 = Debug|Any CPU
		{DBDF31CA-A59F-46B3-8467-965B335A7BD8}.Debug|x86.ActiveCfg = Debug|Any CPU
		{DBDF31CA-A59F-46B3-8467-965B335A7BD8}.Debug|x86.Build.0 = Debug|Any CPU
		{DBDF31CA-A59F-46B3-8467-965B335A7BD8}.Release|Any CPU.ActiveCfg = Release|Any CPU
		{DBDF31CA-A59F-46B3-8467-965B335A7BD8}.Release|Any CPU.Build.0 = Release|Any CPU
		{DBDF31CA-A59F-46B3-8467-965B335A7BD8}.Release|x64.ActiveCfg = Release|Any CPU
		{DBDF31CA-A59F-46B3-8467-965B335A7BD8}.Release|x64.Build.0 = Release|Any CPU
		{DBDF31CA-A59F-46B3-8467-965B335A7BD8}.Release|x86.ActiveCfg = Release|Any CPU
		{DBDF31CA-A59F-46B3-8467-965B335A7BD8}.Release|x86.Build.0 = Release|Any CPU
		{A80BA272-CFAE-4D5B-9639-B0A08ADEDF06}.Debug|Any CPU.ActiveCfg = Debug|Any CPU
		{A80BA272-CFAE-4D5B-9639-B0A08ADEDF06}.Debug|Any CPU.Build.0 = Debug|Any CPU
		{A80BA272-CFAE-4D5B-9639-B0A08ADEDF06}.Debug|x64.ActiveCfg = Debug|Any CPU
		{A80BA272-CFAE-4D5B-9639-B0A08ADEDF06}.Debug|x64.Build.0 = Debug|Any CPU
		{A80BA272-CFAE-4D5B-9639-B0A08ADEDF06}.Debug|x86.ActiveCfg = Debug|Any CPU
		{A80BA272-CFAE-4D5B-9639-B0A08ADEDF06}.Debug|x86.Build.0 = Debug|Any CPU
		{A80BA272-CFAE-4D5B-9639-B0A08ADEDF06}.Release|Any CPU.ActiveCfg = Release|Any CPU
		{A80BA272-CFAE-4D5B-9639-B0A08ADEDF06}.Release|Any CPU.Build.0 = Release|Any CPU
		{A80BA272-CFAE-4D5B-9639-B0A08ADEDF06}.Release|x64.ActiveCfg = Release|Any CPU
		{A80BA272-CFAE-4D5B-9639-B0A08ADEDF06}.Release|x64.Build.0 = Release|Any CPU
		{A80BA272-CFAE-4D5B-9639-B0A08ADEDF06}.Release|x86.ActiveCfg = Release|Any CPU
		{A80BA272-CFAE-4D5B-9639-B0A08ADEDF06}.Release|x86.Build.0 = Release|Any CPU
		{575C7AA7-9FE1-4D6D-9A76-A118FFB35BF2}.Debug|Any CPU.ActiveCfg = Debug|Any CPU
		{575C7AA7-9FE1-4D6D-9A76-A118FFB35BF2}.Debug|Any CPU.Build.0 = Debug|Any CPU
		{575C7AA7-9FE1-4D6D-9A76-A118FFB35BF2}.Debug|x64.ActiveCfg = Debug|Any CPU
		{575C7AA7-9FE1-4D6D-9A76-A118FFB35BF2}.Debug|x64.Build.0 = Debug|Any CPU
		{575C7AA7-9FE1-4D6D-9A76-A118FFB35BF2}.Debug|x86.ActiveCfg = Debug|Any CPU
		{575C7AA7-9FE1-4D6D-9A76-A118FFB35BF2}.Debug|x86.Build.0 = Debug|Any CPU
		{575C7AA7-9FE1-4D6D-9A76-A118FFB35BF2}.Release|Any CPU.ActiveCfg = Release|Any CPU
		{575C7AA7-9FE1-4D6D-9A76-A118FFB35BF2}.Release|Any CPU.Build.0 = Release|Any CPU
		{575C7AA7-9FE1-4D6D-9A76-A118FFB35BF2}.Release|x64.ActiveCfg = Release|Any CPU
		{575C7AA7-9FE1-4D6D-9A76-A118FFB35BF2}.Release|x64.Build.0 = Release|Any CPU
		{575C7AA7-9FE1-4D6D-9A76-A118FFB35BF2}.Release|x86.ActiveCfg = Release|Any CPU
		{575C7AA7-9FE1-4D6D-9A76-A118FFB35BF2}.Release|x86.Build.0 = Release|Any CPU
		{0B4842FE-0EA5-4731-B08A-137B91A21EAB}.Debug|Any CPU.ActiveCfg = Debug|Any CPU
		{0B4842FE-0EA5-4731-B08A-137B91A21EAB}.Debug|Any CPU.Build.0 = Debug|Any CPU
		{0B4842FE-0EA5-4731-B08A-137B91A21EAB}.Debug|x64.ActiveCfg = Debug|Any CPU
		{0B4842FE-0EA5-4731-B08A-137B91A21EAB}.Debug|x64.Build.0 = Debug|Any CPU
		{0B4842FE-0EA5-4731-B08A-137B91A21EAB}.Debug|x86.ActiveCfg = Debug|Any CPU
		{0B4842FE-0EA5-4731-B08A-137B91A21EAB}.Debug|x86.Build.0 = Debug|Any CPU
		{0B4842FE-0EA5-4731-B08A-137B91A21EAB}.Release|Any CPU.ActiveCfg = Release|Any CPU
		{0B4842FE-0EA5-4731-B08A-137B91A21EAB}.Release|Any CPU.Build.0 = Release|Any CPU
		{0B4842FE-0EA5-4731-B08A-137B91A21EAB}.Release|x64.ActiveCfg = Release|Any CPU
		{0B4842FE-0EA5-4731-B08A-137B91A21EAB}.Release|x64.Build.0 = Release|Any CPU
		{0B4842FE-0EA5-4731-B08A-137B91A21EAB}.Release|x86.ActiveCfg = Release|Any CPU
		{0B4842FE-0EA5-4731-B08A-137B91A21EAB}.Release|x86.Build.0 = Release|Any CPU
	EndGlobalSection
	GlobalSection(SolutionProperties) = preSolution
		HideSolutionNode = FALSE
	EndGlobalSection
	GlobalSection(ExtensibilityGlobals) = postSolution
		SolutionGuid = {ED9443A6-3446-44C8-AD4F-F0ECFF157CE9}
	EndGlobalSection
EndGlobal
